
Microsoft Visual Studio Solution File, Format Version 12.00
# Visual Studio Version 17
VisualStudioVersion = 17.8.34525.116
MinimumVisualStudioVersion = 10.0.40219.1
Project("{2150E333-8FDC-42A3-9474-1A3956D46DE8}") = "Core", "Core", "{3C3C3E60-D238-49FB-BADA-DFCD2A855A06}"
EndProject
Project("{FAE04EC0-301F-11D3-BF4B-00C04F79EFBC}") = "ECommerceAPI.Domain", "Core\ECommerceAPI.Domain\ECommerceAPI.Domain.csproj", "{DF519F79-5922-4DF7-A4C2-4FC08A498F9D}"
EndProject
Project("{FAE04EC0-301F-11D3-BF4B-00C04F79EFBC}") = "ECommerceAPI.Application", "Core\ECommerceAPI.Application\ECommerceAPI.Application.csproj", "{A44DA6C3-35A7-41E2-981B-3A213B4957BA}"
	ProjectSection(ProjectDependencies) = postProject
		{DF519F79-5922-4DF7-A4C2-4FC08A498F9D} = {DF519F79-5922-4DF7-A4C2-4FC08A498F9D}
	EndProjectSection
EndProject
Project("{2150E333-8FDC-42A3-9474-1A3956D46DE8}") = "Infrastructure", "Infrastructure", "{13308A98-F87C-4863-B80C-6D4E8AC274CE}"
EndProject
Project("{FAE04EC0-301F-11D3-BF4B-00C04F79EFBC}") = "ECommerceAPI.Infrastructure", "Infrastructure\ECommerceAPI.Infrastructure\ECommerceAPI.Infrastructure.csproj", "{FCFA8086-5960-460F-A527-19CC1428AFBC}"
	ProjectSection(ProjectDependencies) = postProject
		{A44DA6C3-35A7-41E2-981B-3A213B4957BA} = {A44DA6C3-35A7-41E2-981B-3A213B4957BA}
	EndProjectSection
EndProject
Project("{FAE04EC0-301F-11D3-BF4B-00C04F79EFBC}") = "ECommerceAPI.Persistence", "Infrastructure\ECommerceAPI.Persistence\ECommerceAPI.Persistence.csproj", "{20F1F0B2-75A2-4E12-BDB5-4BCC23EBED1E}"
	ProjectSection(ProjectDependencies) = postProject
		{A44DA6C3-35A7-41E2-981B-3A213B4957BA} = {A44DA6C3-35A7-41E2-981B-3A213B4957BA}
	EndProjectSection
EndProject
Project("{2150E333-8FDC-42A3-9474-1A3956D46DE8}") = "Presentation", "Presentation", "{27949911-5B4E-4F86-B4B8-AA1A29B2E835}"
EndProject
Project("{FAE04EC0-301F-11D3-BF4B-00C04F79EFBC}") = "ECommerceAPI.API", "Presentation\ECommerceAPI.API\ECommerceAPI.API.csproj", "{9D4F530C-B948-4501-A8C1-61EF8B14DE38}"
	ProjectSection(ProjectDependencies) = postProject
		{A44DA6C3-35A7-41E2-981B-3A213B4957BA} = {A44DA6C3-35A7-41E2-981B-3A213B4957BA}
	EndProjectSection
EndProject
Global
	GlobalSection(SolutionConfigurationPlatforms) = preSolution
		Debug|Any CPU = Debug|Any CPU
		Release|Any CPU = Release|Any CPU
	EndGlobalSection
	GlobalSection(ProjectConfigurationPlatforms) = postSolution
		{DF519F79-5922-4DF7-A4C2-4FC08A498F9D}.Debug|Any CPU.ActiveCfg = Debug|Any CPU
		{DF519F79-5922-4DF7-A4C2-4FC08A498F9D}.Debug|Any CPU.Build.0 = Debug|Any CPU
		{DF519F79-5922-4DF7-A4C2-4FC08A498F9D}.Release|Any CPU.ActiveCfg = Release|Any CPU
		{DF519F79-5922-4DF7-A4C2-4FC08A498F9D}.Release|Any CPU.Build.0 = Release|Any CPU
		{A44DA6C3-35A7-41E2-981B-3A213B4957BA}.Debug|Any CPU.ActiveCfg = Debug|Any CPU
		{A44DA6C3-35A7-41E2-981B-3A213B4957BA}.Debug|Any CPU.Build.0 = Debug|Any CPU
		{A44DA6C3-35A7-41E2-981B-3A213B4957BA}.Release|Any CPU.ActiveCfg = Release|Any CPU
		{A44DA6C3-35A7-41E2-981B-3A213B4957BA}.Release|Any CPU.Build.0 = Release|Any CPU
		{FCFA8086-5960-460F-A527-19CC1428AFBC}.Debug|Any CPU.ActiveCfg = Debug|Any CPU
		{FCFA8086-5960-460F-A527-19CC1428AFBC}.Debug|Any CPU.Build.0 = Debug|Any CPU
		{FCFA8086-5960-460F-A527-19CC1428AFBC}.Release|Any CPU.ActiveCfg = Release|Any CPU
		{FCFA8086-5960-460F-A527-19CC1428AFBC}.Release|Any CPU.Build.0 = Release|Any CPU
		{20F1F0B2-75A2-4E12-BDB5-4BCC23EBED1E}.Debug|Any CPU.ActiveCfg = Debug|Any CPU
		{20F1F0B2-75A2-4E12-BDB5-4BCC23EBED1E}.Debug|Any CPU.Build.0 = Debug|Any CPU
		{20F1F0B2-75A2-4E12-BDB5-4BCC23EBED1E}.Release|Any CPU.ActiveCfg = Release|Any CPU
		{20F1F0B2-75A2-4E12-BDB5-4BCC23EBED1E}.Release|Any CPU.Build.0 = Release|Any CPU
		{9D4F530C-B948-4501-A8C1-61EF8B14DE38}.Debug|Any CPU.ActiveCfg = Debug|Any CPU
		{9D4F530C-B948-4501-A8C1-61EF8B14DE38}.Debug|Any CPU.Build.0 = Debug|Any CPU
		{9D4F530C-B948-4501-A8C1-61EF8B14DE38}.Release|Any CPU.ActiveCfg = Release|Any CPU
		{9D4F530C-B948-4501-A8C1-61EF8B14DE38}.Release|Any CPU.Build.0 = Release|Any CPU
	EndGlobalSection
	GlobalSection(SolutionProperties) = preSolution
		HideSolutionNode = FALSE
	EndGlobalSection
	GlobalSection(NestedProjects) = preSolution
		{DF519F79-5922-4DF7-A4C2-4FC08A498F9D} = {3C3C3E60-D238-49FB-BADA-DFCD2A855A06}
		{A44DA6C3-35A7-41E2-981B-3A213B4957BA} = {3C3C3E60-D238-49FB-BADA-DFCD2A855A06}
		{FCFA8086-5960-460F-A527-19CC1428AFBC} = {13308A98-F87C-4863-B80C-6D4E8AC274CE}
		{20F1F0B2-75A2-4E12-BDB5-4BCC23EBED1E} = {13308A98-F87C-4863-B80C-6D4E8AC274CE}
		{9D4F530C-B948-4501-A8C1-61EF8B14DE38} = {27949911-5B4E-4F86-B4B8-AA1A29B2E835}
	EndGlobalSection
	GlobalSection(ExtensibilityGlobals) = postSolution
		SolutionGuid = {E559A093-C61A-4EFE-863E-E00D4AB399BF}
	EndGlobalSection
EndGlobal
